
Microsoft Visual Studio Solution File, Format Version 12.00
# Visual Studio 15
VisualStudioVersion = 15.0.28307.438
MinimumVisualStudioVersion = 10.0.40219.1
Project("{2150E333-8FDC-42A3-9474-1A3956D46DE8}") = "Microservices", "Microservices", "{C4E0BE8F-1B17-4962-A3E6-555564083732}"
EndProject
Project("{2150E333-8FDC-42A3-9474-1A3956D46DE8}") = "Domain", "Domain", "{C553D301-6E1F-4CC9-8A40-25E57842EAB8}"
EndProject
Project("{2150E333-8FDC-42A3-9474-1A3956D46DE8}") = "Infra.Bus", "Infra.Bus", "{DDDF9490-07FC-46D1-B8C8-97C86E8C360F}"
EndProject
Project("{2150E333-8FDC-42A3-9474-1A3956D46DE8}") = "Infra.IOC", "Infra.IOC", "{48A1A4BB-0565-4FD0-BE72-3F9074D82BAF}"
EndProject
Project("{2150E333-8FDC-42A3-9474-1A3956D46DE8}") = "Presentation", "Presentation", "{1BE62304-C848-4615-AEA4-A948313A798C}"
EndProject
Project("{FAE04EC0-301F-11D3-BF4B-00C04F79EFBC}") = "MicroRabbit.Domain.Core", "MicroRabbit.Domain.Core\MicroRabbit.Domain.Core.csproj", "{C437F9C0-F6FB-49D2-913C-0C2BD0CD7A8A}"
EndProject
Project("{FAE04EC0-301F-11D3-BF4B-00C04F79EFBC}") = "MicroRabbit.Infra.Bus", "MicroRabbit.Infra.Bus\MicroRabbit.Infra.Bus.csproj", "{DE6DB675-98D8-42F5-9C55-0B4C9EBAE7F2}"
EndProject
Global
	GlobalSection(SolutionConfigurationPlatforms) = preSolution
		Debug|Any CPU = Debug|Any CPU
		Release|Any CPU = Release|Any CPU
	EndGlobalSection
	GlobalSection(ProjectConfigurationPlatforms) = postSolution
		{C437F9C0-F6FB-49D2-913C-0C2BD0CD7A8A}.Debug|Any CPU.ActiveCfg = Debug|Any CPU
		{C437F9C0-F6FB-49D2-913C-0C2BD0CD7A8A}.Debug|Any CPU.Build.0 = Debug|Any CPU
		{C437F9C0-F6FB-49D2-913C-0C2BD0CD7A8A}.Release|Any CPU.ActiveCfg = Release|Any CPU
		{C437F9C0-F6FB-49D2-913C-0C2BD0CD7A8A}.Release|Any CPU.Build.0 = Release|Any CPU
		{DE6DB675-98D8-42F5-9C55-0B4C9EBAE7F2}.Debug|Any CPU.ActiveCfg = Debug|Any CPU
		{DE6DB675-98D8-42F5-9C55-0B4C9EBAE7F2}.Debug|Any CPU.Build.0 = Debug|Any CPU
		{DE6DB675-98D8-42F5-9C55-0B4C9EBAE7F2}.Release|Any CPU.ActiveCfg = Release|Any CPU
		{DE6DB675-98D8-42F5-9C55-0B4C9EBAE7F2}.Release|Any CPU.Build.0 = Release|Any CPU
	EndGlobalSection
	GlobalSection(SolutionProperties) = preSolution
		HideSolutionNode = FALSE
	EndGlobalSection
	GlobalSection(NestedProjects) = preSolution
		{C437F9C0-F6FB-49D2-913C-0C2BD0CD7A8A} = {C553D301-6E1F-4CC9-8A40-25E57842EAB8}
		{DE6DB675-98D8-42F5-9C55-0B4C9EBAE7F2} = {DDDF9490-07FC-46D1-B8C8-97C86E8C360F}
	EndGlobalSection
	GlobalSection(ExtensibilityGlobals) = postSolution
		SolutionGuid = {9ABE3AA3-19EF-44D7-9B78-94C16928C6D2}
	EndGlobalSection
EndGlobal
